
Microsoft Visual Studio Solution File, Format Version 12.00
# Visual Studio Version 16
VisualStudioVersion = 16.0.29920.165
MinimumVisualStudioVersion = 10.0.40219.1
Project("{FAE04EC0-301F-11D3-BF4B-00C04F79EFBC}") = "ObjLoader", "ObjLoader\ObjLoader.csproj", "{BF3D2230-6DB4-499E-BE07-2965E6C0B037}"
EndProject
Project("{FAE04EC0-301F-11D3-BF4B-00C04F79EFBC}") = "VulkanSample", "VulkanSample\VulkanSample.csproj", "{40F19968-0BD9-4A69-9017-826830526100}"
EndProject
Global
	GlobalSection(SolutionConfigurationPlatforms) = preSolution
		Debug|Any CPU = Debug|Any CPU
		Release|Any CPU = Release|Any CPU
	EndGlobalSection
	GlobalSection(ProjectConfigurationPlatforms) = postSolution
		{BF3D2230-6DB4-499E-BE07-2965E6C0B037}.Debug|Any CPU.ActiveCfg = Debug|Any CPU
		{BF3D2230-6DB4-499E-BE07-2965E6C0B037}.Debug|Any CPU.Build.0 = Debug|Any CPU
		{BF3D2230-6DB4-499E-BE07-2965E6C0B037}.Release|Any CPU.ActiveCfg = Release|Any CPU
		{BF3D2230-6DB4-499E-BE07-2965E6C0B037}.Release|Any CPU.Build.0 = Release|Any CPU
		{40F19968-0BD9-4A69-9017-826830526100}.Debug|Any CPU.ActiveCfg = Debug|Any CPU
		{40F19968-0BD9-4A69-9017-826830526100}.Debug|Any CPU.Build.0 = Debug|Any CPU
		{40F19968-0BD9-4A69-9017-826830526100}.Release|Any CPU.ActiveCfg = Release|Any CPU
		{40F19968-0BD9-4A69-9017-826830526100}.Release|Any CPU.Build.0 = Release|Any CPU
	EndGlobalSection
	GlobalSection(SolutionProperties) = preSolution
		HideSolutionNode = FALSE
	EndGlobalSection
	GlobalSection(ExtensibilityGlobals) = postSolution
		SolutionGuid = {3B781E6C-AD45-4F7B-954C-DD3CF9AD9C25}
	EndGlobalSection
EndGlobal
